
Microsoft Visual Studio Solution File, Format Version 12.00
# Visual Studio Version 17
VisualStudioVersion = 17.4.33213.308
MinimumVisualStudioVersion = 10.0.40219.1
Project("{888888A0-9F3D-457C-B088-3A5042F75D52}") = "2.4.1", "2.4.1.pyproj", "{7BEB71EC-DB94-42F0-ADAE-BFE843D5F881}"
EndProject
Global
	GlobalSection(SolutionConfigurationPlatforms) = preSolution
		Debug|Any CPU = Debug|Any CPU
		Release|Any CPU = Release|Any CPU
	EndGlobalSection
	GlobalSection(ProjectConfigurationPlatforms) = postSolution
		{7BEB71EC-DB94-42F0-ADAE-BFE843D5F881}.Debug|Any CPU.ActiveCfg = Debug|Any CPU
		{7BEB71EC-DB94-42F0-ADAE-BFE843D5F881}.Release|Any CPU.ActiveCfg = Release|Any CPU
	EndGlobalSection
	GlobalSection(SolutionProperties) = preSolution
		HideSolutionNode = FALSE
	EndGlobalSection
	GlobalSection(ExtensibilityGlobals) = postSolution
		SolutionGuid = {8428F774-03EC-4FBB-85AD-E2FBC8D07FF4}
	EndGlobalSection
EndGlobal
