
Microsoft Visual Studio Solution File, Format Version 12.00
# Visual Studio Version 17
VisualStudioVersion = 17.4.33213.308
MinimumVisualStudioVersion = 10.0.40219.1
Project("{888888A0-9F3D-457C-B088-3A5042F75D52}") = "2.6.3", "2.6.3.pyproj", "{245DD02E-5152-48F0-8A34-51B46FCBE41F}"
EndProject
Global
	GlobalSection(SolutionConfigurationPlatforms) = preSolution
		Debug|Any CPU = Debug|Any CPU
		Release|Any CPU = Release|Any CPU
	EndGlobalSection
	GlobalSection(ProjectConfigurationPlatforms) = postSolution
		{245DD02E-5152-48F0-8A34-51B46FCBE41F}.Debug|Any CPU.ActiveCfg = Debug|Any CPU
		{245DD02E-5152-48F0-8A34-51B46FCBE41F}.Release|Any CPU.ActiveCfg = Release|Any CPU
	EndGlobalSection
	GlobalSection(SolutionProperties) = preSolution
		HideSolutionNode = FALSE
	EndGlobalSection
	GlobalSection(ExtensibilityGlobals) = postSolution
		SolutionGuid = {241DD42B-FD64-4FC1-9F54-0DFF5DE65CD7}
	EndGlobalSection
EndGlobal
