
Microsoft Visual Studio Solution File, Format Version 12.00
# Visual Studio Version 17
VisualStudioVersion = 17.4.33213.308
MinimumVisualStudioVersion = 10.0.40219.1
Project("{888888A0-9F3D-457C-B088-3A5042F75D52}") = "3.9.3", "3.9.3.pyproj", "{F4955770-5F2E-40E8-B2F1-34A23D28B134}"
EndProject
Global
	GlobalSection(SolutionConfigurationPlatforms) = preSolution
		Debug|Any CPU = Debug|Any CPU
		Release|Any CPU = Release|Any CPU
	EndGlobalSection
	GlobalSection(ProjectConfigurationPlatforms) = postSolution
		{F4955770-5F2E-40E8-B2F1-34A23D28B134}.Debug|Any CPU.ActiveCfg = Debug|Any CPU
		{F4955770-5F2E-40E8-B2F1-34A23D28B134}.Release|Any CPU.ActiveCfg = Release|Any CPU
	EndGlobalSection
	GlobalSection(SolutionProperties) = preSolution
		HideSolutionNode = FALSE
	EndGlobalSection
	GlobalSection(ExtensibilityGlobals) = postSolution
		SolutionGuid = {F78D8836-536B-4363-8FB5-58AA6D1A8D6B}
	EndGlobalSection
EndGlobal
