
Microsoft Visual Studio Solution File, Format Version 12.00
# Visual Studio Version 17
VisualStudioVersion = 17.4.33213.308
MinimumVisualStudioVersion = 10.0.40219.1
Project("{888888A0-9F3D-457C-B088-3A5042F75D52}") = "4.15.2", "4.15.2.pyproj", "{F582A63C-2EA5-47DD-9D3F-3D3E1E418F0F}"
EndProject
Global
	GlobalSection(SolutionConfigurationPlatforms) = preSolution
		Debug|Any CPU = Debug|Any CPU
		Release|Any CPU = Release|Any CPU
	EndGlobalSection
	GlobalSection(ProjectConfigurationPlatforms) = postSolution
		{F582A63C-2EA5-47DD-9D3F-3D3E1E418F0F}.Debug|Any CPU.ActiveCfg = Debug|Any CPU
		{F582A63C-2EA5-47DD-9D3F-3D3E1E418F0F}.Release|Any CPU.ActiveCfg = Release|Any CPU
	EndGlobalSection
	GlobalSection(SolutionProperties) = preSolution
		HideSolutionNode = FALSE
	EndGlobalSection
	GlobalSection(ExtensibilityGlobals) = postSolution
		SolutionGuid = {267018E7-6A15-4295-9409-D63A1C958FE9}
	EndGlobalSection
EndGlobal
