
Microsoft Visual Studio Solution File, Format Version 12.00
# Visual Studio Version 17
VisualStudioVersion = 17.4.33213.308
MinimumVisualStudioVersion = 10.0.40219.1
Project("{888888A0-9F3D-457C-B088-3A5042F75D52}") = "3.7.2", "3.7.2.pyproj", "{0ABEB393-87BA-4B4F-BB74-A69D594FE107}"
EndProject
Global
	GlobalSection(SolutionConfigurationPlatforms) = preSolution
		Debug|Any CPU = Debug|Any CPU
		Release|Any CPU = Release|Any CPU
	EndGlobalSection
	GlobalSection(ProjectConfigurationPlatforms) = postSolution
		{0ABEB393-87BA-4B4F-BB74-A69D594FE107}.Debug|Any CPU.ActiveCfg = Debug|Any CPU
		{0ABEB393-87BA-4B4F-BB74-A69D594FE107}.Release|Any CPU.ActiveCfg = Release|Any CPU
	EndGlobalSection
	GlobalSection(SolutionProperties) = preSolution
		HideSolutionNode = FALSE
	EndGlobalSection
	GlobalSection(ExtensibilityGlobals) = postSolution
		SolutionGuid = {A65D8FBF-B22A-44D7-83B9-DD9B93507DCD}
	EndGlobalSection
EndGlobal
