
Microsoft Visual Studio Solution File, Format Version 12.00
# Visual Studio Version 17
VisualStudioVersion = 17.4.33213.308
MinimumVisualStudioVersion = 10.0.40219.1
Project("{888888A0-9F3D-457C-B088-3A5042F75D52}") = "2.5.1", "2.5.1.pyproj", "{258A1E56-B790-45DB-A478-CC0B93720021}"
EndProject
Global
	GlobalSection(SolutionConfigurationPlatforms) = preSolution
		Debug|Any CPU = Debug|Any CPU
		Release|Any CPU = Release|Any CPU
	EndGlobalSection
	GlobalSection(ProjectConfigurationPlatforms) = postSolution
		{258A1E56-B790-45DB-A478-CC0B93720021}.Debug|Any CPU.ActiveCfg = Debug|Any CPU
		{258A1E56-B790-45DB-A478-CC0B93720021}.Release|Any CPU.ActiveCfg = Release|Any CPU
	EndGlobalSection
	GlobalSection(SolutionProperties) = preSolution
		HideSolutionNode = FALSE
	EndGlobalSection
	GlobalSection(ExtensibilityGlobals) = postSolution
		SolutionGuid = {F9825C79-F95D-44C3-9ACE-4765C5854EAA}
	EndGlobalSection
EndGlobal
